DEPENDENCIES
  chefdk_bootstrap
    path: .
    metadata: true
  chefdk_bootstrap-test
    path: test/fixtures/cookbooks/chefdk_bootstrap-test

GRAPH
  build-essential (2.2.3)
  chef_handler (1.2.0)
  chefdk_bootstrap (0.3.0)
    chocolatey (~> 0.4)
    git (~> 4.2)
    windows (>= 0.0.0)
  chefdk_bootstrap-test (0.0.1)
    chefdk_bootstrap (>= 0.0.0)
  chocolatey (0.4.0)
    windows (~> 1.31)
  dmg (2.2.2)
  git (4.2.2)
    build-essential (>= 0.0.0)
    dmg (>= 0.0.0)
    windows (>= 0.0.0)
    yum-epel (>= 0.0.0)
  windows (1.37.0)
    chef_handler (>= 0.0.0)
  yum (3.6.1)
  yum-epel (0.6.2)
    yum (~> 3.2)
