DEPENDENCIES
  chefdk_bootstrap
    path: .
    metadata: true

GRAPH
  build-essential (2.2.4)
  chef_handler (1.2.0)
  chefdk_bootstrap (1.5.2)
    chocolatey (~> 0.6)
    homebrew (~> 2.0)
    vagrant (~> 0.4)
    windows (~> 1.39)
  chocolatey (0.6.2)
    windows (~> 1.38)
  dmg (2.3.0)
  homebrew (2.0.4)
    build-essential (>= 2.1.2)
  vagrant (0.4.2)
    dmg (>= 2.2.2)
    windows (~> 1.38)
  windows (1.39.1)
    chef_handler (>= 0.0.0)
